
Microsoft Visual Studio Solution File, Format Version 12.00
# Visual Studio Version 17
VisualStudioVersion = 17.4.33205.214
MinimumVisualStudioVersion = 10.0.40219.1
Project("{FAE04EC0-301F-11D3-BF4B-00C04F79EFBC}") = "PaySystem", "PaySystem.csproj", "{B3F7EE4F-83F3-469F-8E5D-EB6DB14E4BCA}"
EndProject
Global
	GlobalSection(SolutionConfigurationPlatforms) = preSolution
		Debug|Any CPU = Debug|Any CPU
		Release|Any CPU = Release|Any CPU
	EndGlobalSection
	GlobalSection(ProjectConfigurationPlatforms) = postSolution
		{B3F7EE4F-83F3-469F-8E5D-EB6DB14E4BCA}.Debug|Any CPU.ActiveCfg = Debug|Any CPU
		{B3F7EE4F-83F3-469F-8E5D-EB6DB14E4BCA}.Debug|Any CPU.Build.0 = Debug|Any CPU
		{B3F7EE4F-83F3-469F-8E5D-EB6DB14E4BCA}.Release|Any CPU.ActiveCfg = Release|Any CPU
		{B3F7EE4F-83F3-469F-8E5D-EB6DB14E4BCA}.Release|Any CPU.Build.0 = Release|Any CPU
	EndGlobalSection
	GlobalSection(SolutionProperties) = preSolution
		HideSolutionNode = FALSE
	EndGlobalSection
	GlobalSection(ExtensibilityGlobals) = postSolution
		SolutionGuid = {7215275E-45E5-48E0-8AE0-F7965BAA3E8F}
	EndGlobalSection
EndGlobal
